// !$*UTF8*$!
{
	archiveVersion = 1;
	classes = {
	};
	objectVersion = 46;
	objects = {

/* Begin PBXBuildFile section */
		A3658F961B025B1E00448553 /* main.c in Sources */ = {isa = PBXBuildFile; fileRef = A3658F951B025B1E00448553 /* main.c */; };
		A3658FA31B025BE000448553 /* main.c in Sources */ = {isa = PBXBuildFile; fileRef = A3658FA21B025BE000448553 /* main.c */; };
		A3658FA91B025F7600448553 /* jogoPrincipal.c in Sources */ = {isa = PBXBuildFile; fileRef = A3658FA81B025F7600448553 /* jogoPrincipal.c */; };
		A3658FAC1B02630500448553 /* utils.c in Sources */ = {isa = PBXBuildFile; fileRef = A3658FAA1B02630500448553 /* utils.c */; };
		A3EAA8051B247BBE002CFBA8 /* signalHandler.c in Sources */ = {isa = PBXBuildFile; fileRef = A3EAA8031B247BBE002CFBA8 /* signalHandler.c */; };
		A3F7D5EB1B19C84B00951A92 /* io.c in Sources */ = {isa = PBXBuildFile; fileRef = A3F7D5E91B19C84B00951A92 /* io.c */; };
		A3F7D5EF1B19D54800951A92 /* serverEngine.c in Sources */ = {isa = PBXBuildFile; fileRef = A3F7D5ED1B19D54800951A92 /* serverEngine.c */; };
		A3F7D5F21B19D67500951A92 /* utils.c in Sources */ = {isa = PBXBuildFile; fileRef = A3F7D5F01B19D67500951A92 /* utils.c */; };
/* End PBXBuildFile section */

/* Begin PBXCopyFilesBuildPhase section */
		A3658F901B025B1E00448553 /* CopyFiles */ = {
			isa = PBXCopyFilesBuildPhase;
			buildActionMask = 2147483647;
			dstPath = /usr/share/man/man1/;
			dstSubfolderSpec = 0;
			files = (
			);
			runOnlyForDeploymentPostprocessing = 1;
		};
		A3658F9E1B025BE000448553 /* CopyFiles */ = {
			isa = PBXCopyFilesBuildPhase;
			buildActionMask = 2147483647;
			dstPath = /usr/share/man/man1/;
			dstSubfolderSpec = 0;
			files = (
			);
			runOnlyForDeploymentPostprocessing = 1;
		};
/* End PBXCopyFilesBuildPhase section */

/* Begin PBXFileReference section */
		A3658F921B025B1E00448553 /* Trabalho de SO */ = {isa = PBXFileReference; explicitFileType = "compiled.mach-o.executable"; includeInIndex = 0; path = "Trabalho de SO"; sourceTree = BUILT_PRODUCTS_DIR; };
		A3658F951B025B1E00448553 /* main.c */ = {isa = PBXFileReference; lastKnownFileType = sourcecode.c.c; path = main.c; sourceTree = "<group>"; };
		A3658FA01B025BE000448553 /* Trabalho de SO Servidor */ = {isa = PBXFileReference; explicitFileType = "compiled.mach-o.executable"; includeInIndex = 0; path = "Trabalho de SO Servidor"; sourceTree = BUILT_PRODUCTS_DIR; };
		A3658FA21B025BE000448553 /* main.c */ = {isa = PBXFileReference; lastKnownFileType = sourcecode.c.c; path = main.c; sourceTree = "<group>"; };
		A3658FA71B025F6600448553 /* jogoPrincipal.h */ = {isa = PBXFileReference; fileEncoding = 4; lastKnownFileType = sourcecode.c.h; path = jogoPrincipal.h; sourceTree = "<group>"; };
		A3658FA81B025F7600448553 /* jogoPrincipal.c */ = {isa = PBXFileReference; fileEncoding = 4; lastKnownFileType = sourcecode.c.c; path = jogoPrincipal.c; sourceTree = "<group>"; };
		A3658FAA1B02630500448553 /* utils.c */ = {isa = PBXFileReference; fileEncoding = 4; lastKnownFileType = sourcecode.c.c; path = utils.c; sourceTree = "<group>"; };
		A3658FAB1B02630500448553 /* utils.h */ = {isa = PBXFileReference; fileEncoding = 4; lastKnownFileType = sourcecode.c.h; path = utils.h; sourceTree = "<group>"; };
		A3EAA8031B247BBE002CFBA8 /* signalHandler.c */ = {isa = PBXFileReference; fileEncoding = 4; lastKnownFileType = sourcecode.c.c; path = signalHandler.c; sourceTree = "<group>"; };
		A3EAA8041B247BBE002CFBA8 /* signalHandler.h */ = {isa = PBXFileReference; fileEncoding = 4; lastKnownFileType = sourcecode.c.h; path = signalHandler.h; sourceTree = "<group>"; };
		A3F7D5E91B19C84B00951A92 /* io.c */ = {isa = PBXFileReference; fileEncoding = 4; lastKnownFileType = sourcecode.c.c; path = io.c; sourceTree = "<group>"; };
		A3F7D5EA1B19C84B00951A92 /* io.h */ = {isa = PBXFileReference; fileEncoding = 4; lastKnownFileType = sourcecode.c.h; path = io.h; sourceTree = "<group>"; };
		A3F7D5EC1B19C8E100951A92 /* structs_defs.h */ = {isa = PBXFileReference; fileEncoding = 4; lastKnownFileType = sourcecode.c.h; path = structs_defs.h; sourceTree = "<group>"; };
		A3F7D5ED1B19D54800951A92 /* serverEngine.c */ = {isa = PBXFileReference; fileEncoding = 4; lastKnownFileType = sourcecode.c.c; path = serverEngine.c; sourceTree = "<group>"; };
		A3F7D5EE1B19D54800951A92 /* serverEngine.h */ = {isa = PBXFileReference; fileEncoding = 4; lastKnownFileType = sourcecode.c.h; path = serverEngine.h; sourceTree = "<group>"; };
		A3F7D5F01B19D67500951A92 /* utils.c */ = {isa = PBXFileReference; fileEncoding = 4; lastKnownFileType = sourcecode.c.c; path = utils.c; sourceTree = "<group>"; };
		A3F7D5F11B19D67500951A92 /* utils.h */ = {isa = PBXFileReference; fileEncoding = 4; lastKnownFileType = sourcecode.c.h; path = utils.h; sourceTree = "<group>"; };
		A3F7D5F31B19DC7500951A92 /* struct_defs.h */ = {isa = PBXFileReference; fileEncoding = 4; lastKnownFileType = sourcecode.c.h; path = struct_defs.h; sourceTree = "<group>"; };
/* End PBXFileReference section */

/* Begin PBXFrameworksBuildPhase section */
		A3658F8F1B025B1E00448553 /* Frameworks */ = {
			isa = PBXFrameworksBuildPhase;
			buildActionMask = 2147483647;
			files = (
			);
			runOnlyForDeploymentPostprocessing = 0;
		};
		A3658F9D1B025BE000448553 /* Frameworks */ = {
			isa = PBXFrameworksBuildPhase;
			buildActionMask = 2147483647;
			files = (
			);
			runOnlyForDeploymentPostprocessing = 0;
		};
/* End PBXFrameworksBuildPhase section */

/* Begin PBXGroup section */
		A3658F891B025B1D00448553 = {
			isa = PBXGroup;
			children = (
				A3658F941B025B1E00448553 /* Trabalho de SO */,
				A3658FA11B025BE000448553 /* Trabalho de SO Servidor */,
				A3658F931B025B1E00448553 /* Products */,
			);
			sourceTree = "<group>";
		};
		A3658F931B025B1E00448553 /* Products */ = {
			isa = PBXGroup;
			children = (
				A3658F921B025B1E00448553 /* Trabalho de SO */,
				A3658FA01B025BE000448553 /* Trabalho de SO Servidor */,
			);
			name = Products;
			sourceTree = "<group>";
		};
		A3658F941B025B1E00448553 /* Trabalho de SO */ = {
			isa = PBXGroup;
			children = (
				A3658F951B025B1E00448553 /* main.c */,
				A3658FA71B025F6600448553 /* jogoPrincipal.h */,
				A3658FA81B025F7600448553 /* jogoPrincipal.c */,
				A3658FAA1B02630500448553 /* utils.c */,
				A3658FAB1B02630500448553 /* utils.h */,
				A3F7D5E91B19C84B00951A92 /* io.c */,
				A3F7D5EA1B19C84B00951A92 /* io.h */,
				A3F7D5EC1B19C8E100951A92 /* structs_defs.h */,
			);
			path = "Trabalho de SO";
			sourceTree = "<group>";
		};
		A3658FA11B025BE000448553 /* Trabalho de SO Servidor */ = {
			isa = PBXGroup;
			children = (
				A3658FA21B025BE000448553 /* main.c */,
				A3F7D5ED1B19D54800951A92 /* serverEngine.c */,
				A3F7D5EE1B19D54800951A92 /* serverEngine.h */,
				A3F7D5F01B19D67500951A92 /* utils.c */,
				A3F7D5F11B19D67500951A92 /* utils.h */,
				A3F7D5F31B19DC7500951A92 /* struct_defs.h */,
				A3EAA8031B247BBE002CFBA8 /* signalHandler.c */,
				A3EAA8041B247BBE002CFBA8 /* signalHandler.h */,
			);
			path = "Trabalho de SO Servidor";
			sourceTree = "<group>";
		};
/* End PBXGroup section */

/* Begin PBXNativeTarget section */
		A3658F911B025B1E00448553 /* Trabalho de SO */ = {
			isa = PBXNativeTarget;
			buildConfigurationList = A3658F991B025B1E00448553 /* Build configuration list for PBXNativeTarget "Trabalho de SO" */;
			buildPhases = (
				A3658F8E1B025B1E00448553 /* Sources */,
				A3658F8F1B025B1E00448553 /* Frameworks */,
				A3658F901B025B1E00448553 /* CopyFiles */,
			);
			buildRules = (
			);
			dependencies = (
			);
			name = "Trabalho de SO";
			productName = "Trabalho de SO";
			productReference = A3658F921B025B1E00448553 /* Trabalho de SO */;
			productType = "com.apple.product-type.tool";
		};
		A3658F9F1B025BE000448553 /* Trabalho de SO Servidor */ = {
			isa = PBXNativeTarget;
			buildConfigurationList = A3658FA41B025BE000448553 /* Build configuration list for PBXNativeTarget "Trabalho de SO Servidor" */;
			buildPhases = (
				A3658F9C1B025BE000448553 /* Sources */,
				A3658F9D1B025BE000448553 /* Frameworks */,
				A3658F9E1B025BE000448553 /* CopyFiles */,
			);
			buildRules = (
			);
			dependencies = (
			);
			name = "Trabalho de SO Servidor";
			productName = "Trabalho de SO Servidor";
			productReference = A3658FA01B025BE000448553 /* Trabalho de SO Servidor */;
			productType = "com.apple.product-type.tool";
		};
/* End PBXNativeTarget section */

/* Begin PBXProject section */
		A3658F8A1B025B1D00448553 /* Project object */ = {
			isa = PBXProject;
			attributes = {
				LastUpgradeCheck = 0610;
				ORGANIZATIONNAME = "Rafael Lopes Francisco";
				TargetAttributes = {
					A3658F911B025B1E00448553 = {
						CreatedOnToolsVersion = 6.1.1;
					};
					A3658F9F1B025BE000448553 = {
						CreatedOnToolsVersion = 6.1.1;
					};
				};
			};
			buildConfigurationList = A3658F8D1B025B1D00448553 /* Build configuration list for PBXProject "Trabalho de SO" */;
			compatibilityVersion = "Xcode 3.2";
			developmentRegion = English;
			hasScannedForEncodings = 0;
			knownRegions = (
				en,
			);
			mainGroup = A3658F891B025B1D00448553;
			productRefGroup = A3658F931B025B1E00448553 /* Products */;
			projectDirPath = "";
			projectRoot = "";
			targets = (
				A3658F911B025B1E00448553 /* Trabalho de SO */,
				A3658F9F1B025BE000448553 /* Trabalho de SO Servidor */,
			);
		};
/* End PBXProject section */

/* Begin PBXSourcesBuildPhase section */
		A3658F8E1B025B1E00448553 /* Sources */ = {
			isa = PBXSourcesBuildPhase;
			buildActionMask = 2147483647;
			files = (
				A3658FAC1B02630500448553 /* utils.c in Sources */,
				A3F7D5EB1B19C84B00951A92 /* io.c in Sources */,
				A3658F961B025B1E00448553 /* main.c in Sources */,
				A3658FA91B025F7600448553 /* jogoPrincipal.c in Sources */,
			);
			runOnlyForDeploymentPostprocessing = 0;
		};
		A3658F9C1B025BE000448553 /* Sources */ = {
			isa = PBXSourcesBuildPhase;
			buildActionMask = 2147483647;
			files = (
				A3EAA8051B247BBE002CFBA8 /* signalHandler.c in Sources */,
				A3F7D5F21B19D67500951A92 /* utils.c in Sources */,
				A3F7D5EF1B19D54800951A92 /* serverEngine.c in Sources */,
				A3658FA31B025BE000448553 /* main.c in Sources */,
			);
			runOnlyForDeploymentPostprocessing = 0;
		};
/* End PBXSourcesBuildPhase section */

/* Begin XCBuildConfiguration section */
		A3658F971B025B1E00448553 /* Debug */ = {
			isa = XCBuildConfiguration;
			buildSettings = {
				ALWAYS_SEARCH_USER_PATHS = NO;
				CLANG_CXX_LANGUAGE_STANDARD = "gnu++0x";
				CLANG_CXX_LIBRARY = "libc++";
				CLANG_ENABLE_MODULES = YES;
				CLANG_ENABLE_OBJC_ARC = YES;
				CLANG_WARN_BOOL_CONVERSION = YES;
				CLANG_WARN_CONSTANT_CONVERSION = YES;
				CLANG_WARN_DIRECT_OBJC_ISA_USAGE = YES_ERROR;
				CLANG_WARN_EMPTY_BODY = YES;
				CLANG_WARN_ENUM_CONVERSION = YES;
				CLANG_WARN_INT_CONVERSION = YES;
				CLANG_WARN_OBJC_ROOT_CLASS = YES_ERROR;
				CLANG_WARN_UNREACHABLE_CODE = YES;
				CLANG_WARN__DUPLICATE_METHOD_MATCH = YES;
				COPY_PHASE_STRIP = NO;
				ENABLE_STRICT_OBJC_MSGSEND = YES;
				GCC_C_LANGUAGE_STANDARD = gnu99;
				GCC_DYNAMIC_NO_PIC = NO;
				GCC_OPTIMIZATION_LEVEL = 0;
				GCC_PREPROCESSOR_DEFINITIONS = (
					"DEBUG=1",
					"$(inherited)",
				);
				GCC_SYMBOLS_PRIVATE_EXTERN = NO;
				GCC_WARN_64_TO_32_BIT_CONVERSION = YES;
				GCC_WARN_ABOUT_RETURN_TYPE = YES_ERROR;
				GCC_WARN_UNDECLARED_SELECTOR = YES;
				GCC_WARN_UNINITIALIZED_AUTOS = YES_AGGRESSIVE;
				GCC_WARN_UNUSED_FUNCTION = YES;
				GCC_WARN_UNUSED_VARIABLE = YES;
				MACOSX_DEPLOYMENT_TARGET = 10.10;
				MTL_ENABLE_DEBUG_INFO = YES;
				ONLY_ACTIVE_ARCH = YES;
				SDKROOT = macosx;
			};
			name = Debug;
		};
		A3658F981B025B1E00448553 /* Release */ = {
			isa = XCBuildConfiguration;
			buildSettings = {
				ALWAYS_SEARCH_USER_PATHS = NO;
				CLANG_CXX_LANGUAGE_STANDARD = "gnu++0x";
				CLANG_CXX_LIBRARY = "libc++";
				CLANG_ENABLE_MODULES = YES;
				CLANG_ENABLE_OBJC_ARC = YES;
				CLANG_WARN_BOOL_CONVERSION = YES;
				CLANG_WARN_CONSTANT_CONVERSION = YES;
				CLANG_WARN_DIRECT_OBJC_ISA_USAGE = YES_ERROR;
				CLANG_WARN_EMPTY_BODY = YES;
				CLANG_WARN_ENUM_CONVERSION = YES;
				CLANG_WARN_INT_CONVERSION = YES;
				CLANG_WARN_OBJC_ROOT_CLASS = YES_ERROR;
				CLANG_WARN_UNREACHABLE_CODE = YES;
				CLANG_WARN__DUPLICATE_METHOD_MATCH = YES;
				COPY_PHASE_STRIP = YES;
				DEBUG_INFORMATION_FORMAT = "dwarf-with-dsym";
				ENABLE_NS_ASSERTIONS = NO;
				ENABLE_STRICT_OBJC_MSGSEND = YES;
				GCC_C_LANGUAGE_STANDARD = gnu99;
				GCC_WARN_64_TO_32_BIT_CONVERSION = YES;
				GCC_WARN_ABOUT_RETURN_TYPE = YES_ERROR;
				GCC_WARN_UNDECLARED_SELECTOR = YES;
				GCC_WARN_UNINITIALIZED_AUTOS = YES_AGGRESSIVE;
				GCC_WARN_UNUSED_FUNCTION = YES;
				GCC_WARN_UNUSED_VARIABLE = YES;
				MACOSX_DEPLOYMENT_TARGET = 10.10;
				MTL_ENABLE_DEBUG_INFO = NO;
				SDKROOT = macosx;
			};
			name = Release;
		};
		A3658F9A1B025B1E00448553 /* Debug */ = {
			isa = XCBuildConfiguration;
			buildSettings = {
				PRODUCT_NAME = "$(TARGET_NAME)";
			};
			name = Debug;
		};
		A3658F9B1B025B1E00448553 /* Release */ = {
			isa = XCBuildConfiguration;
			buildSettings = {
				PRODUCT_NAME = "$(TARGET_NAME)";
			};
			name = Release;
		};
		A3658FA51B025BE000448553 /* Debug */ = {
			isa = XCBuildConfiguration;
			buildSettings = {
				GCC_PREPROCESSOR_DEFINITIONS = (
					"DEBUG=1",
					"$(inherited)",
				);
				MACOSX_DEPLOYMENT_TARGET = 10.9;
				PRODUCT_NAME = "$(TARGET_NAME)";
				SDKROOT = macosx10.9;
			};
			name = Debug;
		};
		A3658FA61B025BE000448553 /* Release */ = {
			isa = XCBuildConfiguration;
			buildSettings = {
				MACOSX_DEPLOYMENT_TARGET = 10.9;
				PRODUCT_NAME = "$(TARGET_NAME)";
				SDKROOT = macosx10.9;
			};
			name = Release;
		};
/* End XCBuildConfiguration section */

/* Begin XCConfigurationList section */
		A3658F8D1B025B1D00448553 /* Build configuration list for PBXProject "Trabalho de SO" */ = {
			isa = XCConfigurationList;
			buildConfigurations = (
				A3658F971B025B1E00448553 /* Debug */,
				A3658F981B025B1E00448553 /* Release */,
			);
			defaultConfigurationIsVisible = 0;
			defaultConfigurationName = Release;
		};
		A3658F991B025B1E00448553 /* Build configuration list for PBXNativeTarget "Trabalho de SO" */ = {
			isa = XCConfigurationList;
			buildConfigurations = (
				A3658F9A1B025B1E00448553 /* Debug */,
				A3658F9B1B025B1E00448553 /* Release */,
			);
			defaultConfigurationIsVisible = 0;
			defaultConfigurationName = Release;
		};
		A3658FA41B025BE000448553 /* Build configuration list for PBXNativeTarget "Trabalho de SO Servidor" */ = {
			isa = XCConfigurationList;
			buildConfigurations = (
				A3658FA51B025BE000448553 /* Debug */,
				A3658FA61B025BE000448553 /* Release */,
			);
			defaultConfigurationIsVisible = 0;
			defaultConfigurationName = Release;
		};
/* End XCConfigurationList section */
	};
	rootObject = A3658F8A1B025B1D00448553 /* Project object */;
}
